
Microsoft Visual Studio Solution File, Format Version 12.00
# Visual Studio Version 17
VisualStudioVersion = 17.13.35931.197 d17.13
MinimumVisualStudioVersion = 10.0.40219.1
Project("{FAE04EC0-301F-11D3-BF4B-00C04F79EFBC}") = "my_moodeFlix_web", "my_moodeFlix_web\my_moodeFlix_web.csproj", "{BAC97C09-1436-4BD6-8EA3-FB9F4903ED94}"
EndProject
Global
	GlobalSection(SolutionConfigurationPlatforms) = preSolution
		Debug|Any CPU = Debug|Any CPU
		Release|Any CPU = Release|Any CPU
	EndGlobalSection
	GlobalSection(ProjectConfigurationPlatforms) = postSolution
		{BAC97C09-1436-4BD6-8EA3-FB9F4903ED94}.Debug|Any CPU.ActiveCfg = Debug|Any CPU
		{BAC97C09-1436-4BD6-8EA3-FB9F4903ED94}.Debug|Any CPU.Build.0 = Debug|Any CPU
		{BAC97C09-1436-4BD6-8EA3-FB9F4903ED94}.Release|Any CPU.ActiveCfg = Release|Any CPU
		{BAC97C09-1436-4BD6-8EA3-FB9F4903ED94}.Release|Any CPU.Build.0 = Release|Any CPU
	EndGlobalSection
	GlobalSection(SolutionProperties) = preSolution
		HideSolutionNode = FALSE
	EndGlobalSection
	GlobalSection(ExtensibilityGlobals) = postSolution
		SolutionGuid = {CF8BAB8A-D1E2-46C8-889E-5C493F3A2CF1}
	EndGlobalSection
EndGlobal
